
Microsoft Visual Studio Solution File, Format Version 12.00
# Visual Studio 2013
VisualStudioVersion = 12.0.21005.1
MinimumVisualStudioVersion = 10.0.40219.1
Project("{FAE04EC0-301F-11D3-BF4B-00C04F79EFBC}") = "Polytweet", "Polytweet\Polytweet.csproj", "{53A000B9-55C8-4542-A627-580292909874}"
	ProjectSection(ProjectDependencies) = postProject
		{DFD06617-BCFF-4D83-ABA9-2E4A6D4912E4} = {DFD06617-BCFF-4D83-ABA9-2E4A6D4912E4}
	EndProjectSection
EndProject
Project("{FAE04EC0-301F-11D3-BF4B-00C04F79EFBC}") = "PolytweetService", "..\..\..\..\git\private\dotNet\PolytweetService\PolytweetService.csproj", "{DFD06617-BCFF-4D83-ABA9-2E4A6D4912E4}"
EndProject
Project("{FAE04EC0-301F-11D3-BF4B-00C04F79EFBC}") = "PolytweetDAL", "..\..\..\..\git\private\dotNet\UserDAO\PolytweetDAL.csproj", "{8ECE1423-9DBB-4AC5-8DAD-B1DAD18BEA1B}"
EndProject
Global
	GlobalSection(SolutionConfigurationPlatforms) = preSolution
		Debug|Any CPU = Debug|Any CPU
		Release|Any CPU = Release|Any CPU
	EndGlobalSection
	GlobalSection(ProjectConfigurationPlatforms) = postSolution
		{53A000B9-55C8-4542-A627-580292909874}.Debug|Any CPU.ActiveCfg = Debug|Any CPU
		{53A000B9-55C8-4542-A627-580292909874}.Debug|Any CPU.Build.0 = Debug|Any CPU
		{53A000B9-55C8-4542-A627-580292909874}.Release|Any CPU.ActiveCfg = Release|Any CPU
		{53A000B9-55C8-4542-A627-580292909874}.Release|Any CPU.Build.0 = Release|Any CPU
		{DFD06617-BCFF-4D83-ABA9-2E4A6D4912E4}.Debug|Any CPU.ActiveCfg = Debug|Any CPU
		{DFD06617-BCFF-4D83-ABA9-2E4A6D4912E4}.Debug|Any CPU.Build.0 = Debug|Any CPU
		{DFD06617-BCFF-4D83-ABA9-2E4A6D4912E4}.Release|Any CPU.ActiveCfg = Release|Any CPU
		{DFD06617-BCFF-4D83-ABA9-2E4A6D4912E4}.Release|Any CPU.Build.0 = Release|Any CPU
		{8ECE1423-9DBB-4AC5-8DAD-B1DAD18BEA1B}.Debug|Any CPU.ActiveCfg = Debug|Any CPU
		{8ECE1423-9DBB-4AC5-8DAD-B1DAD18BEA1B}.Debug|Any CPU.Build.0 = Debug|Any CPU
		{8ECE1423-9DBB-4AC5-8DAD-B1DAD18BEA1B}.Release|Any CPU.ActiveCfg = Release|Any CPU
		{8ECE1423-9DBB-4AC5-8DAD-B1DAD18BEA1B}.Release|Any CPU.Build.0 = Release|Any CPU
	EndGlobalSection
	GlobalSection(SolutionProperties) = preSolution
		HideSolutionNode = FALSE
	EndGlobalSection
EndGlobal
